
Microsoft Visual Studio Solution File, Format Version 12.00
# Visual Studio Version 17
VisualStudioVersion = 17.6.33723.286
MinimumVisualStudioVersion = 10.0.40219.1
Project("{FAE04EC0-301F-11D3-BF4B-00C04F79EFBC}") = "ST10069127.PROG6221.POEP2", "ST10069127.PROG6221.POEP2\ST10069127.PROG6221.POEP2.csproj", "{FC363382-F8AE-40EB-84AD-60198E411F09}"
EndProject
Global
	GlobalSection(SolutionConfigurationPlatforms) = preSolution
		Debug|Any CPU = Debug|Any CPU
		Release|Any CPU = Release|Any CPU
	EndGlobalSection
	GlobalSection(ProjectConfigurationPlatforms) = postSolution
		{FC363382-F8AE-40EB-84AD-60198E411F09}.Debug|Any CPU.ActiveCfg = Debug|Any CPU
		{FC363382-F8AE-40EB-84AD-60198E411F09}.Debug|Any CPU.Build.0 = Debug|Any CPU
		{FC363382-F8AE-40EB-84AD-60198E411F09}.Release|Any CPU.ActiveCfg = Release|Any CPU
		{FC363382-F8AE-40EB-84AD-60198E411F09}.Release|Any CPU.Build.0 = Release|Any CPU
	EndGlobalSection
	GlobalSection(SolutionProperties) = preSolution
		HideSolutionNode = FALSE
	EndGlobalSection
	GlobalSection(ExtensibilityGlobals) = postSolution
		SolutionGuid = {45142B4A-FDEB-4052-A889-40C248EB72D4}
	EndGlobalSection
EndGlobal
